
Microsoft Visual Studio Solution File, Format Version 12.00
# Visual Studio Version 16
VisualStudioVersion = 16.0.30907.101
MinimumVisualStudioVersion = 10.0.40219.1
Project("{9A19103F-16F7-4668-BE54-9A1E7A4F7556}") = "AzureTest.DAL", "AzureTest.DAL\AzureTest.DAL.csproj", "{F6DBF893-383A-46B5-8CB2-192F28BBEF31}"
EndProject
Project("{9A19103F-16F7-4668-BE54-9A1E7A4F7556}") = "AzureTest.BLL", "AzureTest.BLL\AzureTest.BLL.csproj", "{00624E93-C039-401E-BDCF-5508EBA04AD5}"
EndProject
Project("{9A19103F-16F7-4668-BE54-9A1E7A4F7556}") = "AzureTest.API", "AzureTest.API\AzureTest.API.csproj", "{2E9E8A56-BB60-449E-A4CE-FD9356BC428B}"
EndProject
Project("{FAE04EC0-301F-11D3-BF4B-00C04F79EFBC}") = "AzureTest.MVC", "AzureTest.MVC\AzureTest.MVC.csproj", "{35D0C9FE-8BC9-4D32-8580-76C6CF424105}"
EndProject
Global
	GlobalSection(SolutionConfigurationPlatforms) = preSolution
		Debug|Any CPU = Debug|Any CPU
		Release|Any CPU = Release|Any CPU
	EndGlobalSection
	GlobalSection(ProjectConfigurationPlatforms) = postSolution
		{F6DBF893-383A-46B5-8CB2-192F28BBEF31}.Debug|Any CPU.ActiveCfg = Debug|Any CPU
		{F6DBF893-383A-46B5-8CB2-192F28BBEF31}.Debug|Any CPU.Build.0 = Debug|Any CPU
		{F6DBF893-383A-46B5-8CB2-192F28BBEF31}.Release|Any CPU.ActiveCfg = Release|Any CPU
		{F6DBF893-383A-46B5-8CB2-192F28BBEF31}.Release|Any CPU.Build.0 = Release|Any CPU
		{00624E93-C039-401E-BDCF-5508EBA04AD5}.Debug|Any CPU.ActiveCfg = Debug|Any CPU
		{00624E93-C039-401E-BDCF-5508EBA04AD5}.Debug|Any CPU.Build.0 = Debug|Any CPU
		{00624E93-C039-401E-BDCF-5508EBA04AD5}.Release|Any CPU.ActiveCfg = Release|Any CPU
		{00624E93-C039-401E-BDCF-5508EBA04AD5}.Release|Any CPU.Build.0 = Release|Any CPU
		{2E9E8A56-BB60-449E-A4CE-FD9356BC428B}.Debug|Any CPU.ActiveCfg = Debug|Any CPU
		{2E9E8A56-BB60-449E-A4CE-FD9356BC428B}.Debug|Any CPU.Build.0 = Debug|Any CPU
		{2E9E8A56-BB60-449E-A4CE-FD9356BC428B}.Release|Any CPU.ActiveCfg = Release|Any CPU
		{2E9E8A56-BB60-449E-A4CE-FD9356BC428B}.Release|Any CPU.Build.0 = Release|Any CPU
		{35D0C9FE-8BC9-4D32-8580-76C6CF424105}.Debug|Any CPU.ActiveCfg = Debug|Any CPU
		{35D0C9FE-8BC9-4D32-8580-76C6CF424105}.Debug|Any CPU.Build.0 = Debug|Any CPU
		{35D0C9FE-8BC9-4D32-8580-76C6CF424105}.Release|Any CPU.ActiveCfg = Release|Any CPU
		{35D0C9FE-8BC9-4D32-8580-76C6CF424105}.Release|Any CPU.Build.0 = Release|Any CPU
	EndGlobalSection
	GlobalSection(SolutionProperties) = preSolution
		HideSolutionNode = FALSE
	EndGlobalSection
	GlobalSection(ExtensibilityGlobals) = postSolution
		SolutionGuid = {1C68D045-1525-421D-B795-596DB2C75499}
	EndGlobalSection
EndGlobal
