
Microsoft Visual Studio Solution File, Format Version 12.00
# Visual Studio Version 16
VisualStudioVersion = 16.0.30907.101
MinimumVisualStudioVersion = 10.0.40219.1
Project("{9A19103F-16F7-4668-BE54-9A1E7A4F7556}") = "AzureTest.MVC", "AzureTest\AzureTest.MVC.csproj", "{B40C53D8-E0DF-4FDD-A805-FAF2803EFE9B}"
EndProject
Project("{FAE04EC0-301F-11D3-BF4B-00C04F79EFBC}") = "AzureTest.DAL", "AzureTest.DAL\AzureTest.DAL.csproj", "{F6DBF893-383A-46B5-8CB2-192F28BBEF31}"
EndProject
Global
	GlobalSection(SolutionConfigurationPlatforms) = preSolution
		Debug|Any CPU = Debug|Any CPU
		Release|Any CPU = Release|Any CPU
	EndGlobalSection
	GlobalSection(ProjectConfigurationPlatforms) = postSolution
		{B40C53D8-E0DF-4FDD-A805-FAF2803EFE9B}.Debug|Any CPU.ActiveCfg = Debug|Any CPU
		{B40C53D8-E0DF-4FDD-A805-FAF2803EFE9B}.Debug|Any CPU.Build.0 = Debug|Any CPU
		{B40C53D8-E0DF-4FDD-A805-FAF2803EFE9B}.Release|Any CPU.ActiveCfg = Release|Any CPU
		{B40C53D8-E0DF-4FDD-A805-FAF2803EFE9B}.Release|Any CPU.Build.0 = Release|Any CPU
		{F6DBF893-383A-46B5-8CB2-192F28BBEF31}.Debug|Any CPU.ActiveCfg = Debug|Any CPU
		{F6DBF893-383A-46B5-8CB2-192F28BBEF31}.Debug|Any CPU.Build.0 = Debug|Any CPU
		{F6DBF893-383A-46B5-8CB2-192F28BBEF31}.Release|Any CPU.ActiveCfg = Release|Any CPU
		{F6DBF893-383A-46B5-8CB2-192F28BBEF31}.Release|Any CPU.Build.0 = Release|Any CPU
	EndGlobalSection
	GlobalSection(SolutionProperties) = preSolution
		HideSolutionNode = FALSE
	EndGlobalSection
	GlobalSection(ExtensibilityGlobals) = postSolution
		SolutionGuid = {1C68D045-1525-421D-B795-596DB2C75499}
	EndGlobalSection
EndGlobal
